
Microsoft Visual Studio Solution File, Format Version 12.00
# Visual Studio 2013
VisualStudioVersion = 12.0.21005.1
MinimumVisualStudioVersion = 10.0.40219.1
Project("{FAE04EC0-301F-11D3-BF4B-00C04F79EFBC}") = "BusManagment", "BusManagment.csproj", "{79D33258-A0F7-4BCB-A362-510197F1668A}"
EndProject
Project("{FAE04EC0-301F-11D3-BF4B-00C04F79EFBC}") = "ClassLibrary", "..\ClassLibrary\ClassLibrary.csproj", "{BBAC4FC5-D801-4D81-84D0-08C5BAAD81E0}"
EndProject
Project("{FAE04EC0-301F-11D3-BF4B-00C04F79EFBC}") = "ERP", "..\Interface\ERP.csproj", "{86417C95-BBEB-4592-9584-78016389F1CC}"
EndProject
Project("{FAE04EC0-301F-11D3-BF4B-00C04F79EFBC}") = "WebBusManagement", "..\WebBusManagement\WebBusManagement.csproj", "{A3D2BBEE-1AED-4F5B-83F2-9E68A4047850}"
EndProject
Project("{FAE04EC0-301F-11D3-BF4B-00C04F79EFBC}") = "PublicBusTabrizService", "..\PublicBusTabrizService\PublicBusTabrizService.csproj", "{CFE8EDF7-107B-4636-A70B-4D0B60D150F5}"
EndProject
Project("{FAE04EC0-301F-11D3-BF4B-00C04F79EFBC}") = "PrivateBusTabrizServices", "..\PrivateBusTabrizServices\PrivateBusTabrizServices.csproj", "{7C573D10-F68A-480A-9988-0804B9BFEAFD}"
EndProject
Global
	GlobalSection(SolutionConfigurationPlatforms) = preSolution
		Debug|Any CPU = Debug|Any CPU
		Release|Any CPU = Release|Any CPU
	EndGlobalSection
	GlobalSection(ProjectConfigurationPlatforms) = postSolution
		{79D33258-A0F7-4BCB-A362-510197F1668A}.Debug|Any CPU.ActiveCfg = Debug|Any CPU
		{79D33258-A0F7-4BCB-A362-510197F1668A}.Debug|Any CPU.Build.0 = Debug|Any CPU
		{79D33258-A0F7-4BCB-A362-510197F1668A}.Release|Any CPU.ActiveCfg = Release|Any CPU
		{79D33258-A0F7-4BCB-A362-510197F1668A}.Release|Any CPU.Build.0 = Release|Any CPU
		{BBAC4FC5-D801-4D81-84D0-08C5BAAD81E0}.Debug|Any CPU.ActiveCfg = Debug|Any CPU
		{BBAC4FC5-D801-4D81-84D0-08C5BAAD81E0}.Debug|Any CPU.Build.0 = Debug|Any CPU
		{BBAC4FC5-D801-4D81-84D0-08C5BAAD81E0}.Release|Any CPU.ActiveCfg = Release|Any CPU
		{BBAC4FC5-D801-4D81-84D0-08C5BAAD81E0}.Release|Any CPU.Build.0 = Release|Any CPU
		{86417C95-BBEB-4592-9584-78016389F1CC}.Debug|Any CPU.ActiveCfg = Debug|Any CPU
		{86417C95-BBEB-4592-9584-78016389F1CC}.Debug|Any CPU.Build.0 = Debug|Any CPU
		{86417C95-BBEB-4592-9584-78016389F1CC}.Release|Any CPU.ActiveCfg = Release|Any CPU
		{86417C95-BBEB-4592-9584-78016389F1CC}.Release|Any CPU.Build.0 = Release|Any CPU
		{A3D2BBEE-1AED-4F5B-83F2-9E68A4047850}.Debug|Any CPU.ActiveCfg = Debug|Any CPU
		{A3D2BBEE-1AED-4F5B-83F2-9E68A4047850}.Debug|Any CPU.Build.0 = Debug|Any CPU
		{A3D2BBEE-1AED-4F5B-83F2-9E68A4047850}.Release|Any CPU.ActiveCfg = Release|Any CPU
		{A3D2BBEE-1AED-4F5B-83F2-9E68A4047850}.Release|Any CPU.Build.0 = Release|Any CPU
		{CFE8EDF7-107B-4636-A70B-4D0B60D150F5}.Debug|Any CPU.ActiveCfg = Debug|Any CPU
		{CFE8EDF7-107B-4636-A70B-4D0B60D150F5}.Debug|Any CPU.Build.0 = Debug|Any CPU
		{CFE8EDF7-107B-4636-A70B-4D0B60D150F5}.Release|Any CPU.ActiveCfg = Release|Any CPU
		{CFE8EDF7-107B-4636-A70B-4D0B60D150F5}.Release|Any CPU.Build.0 = Release|Any CPU
		{7C573D10-F68A-480A-9988-0804B9BFEAFD}.Debug|Any CPU.ActiveCfg = Debug|Any CPU
		{7C573D10-F68A-480A-9988-0804B9BFEAFD}.Debug|Any CPU.Build.0 = Debug|Any CPU
		{7C573D10-F68A-480A-9988-0804B9BFEAFD}.Release|Any CPU.ActiveCfg = Release|Any CPU
		{7C573D10-F68A-480A-9988-0804B9BFEAFD}.Release|Any CPU.Build.0 = Release|Any CPU
	EndGlobalSection
	GlobalSection(SolutionProperties) = preSolution
		HideSolutionNode = FALSE
	EndGlobalSection
EndGlobal
